
Microsoft Visual Studio Solution File, Format Version 12.00
# Visual Studio Version 17
VisualStudioVersion = 17.4.33213.308
MinimumVisualStudioVersion = 10.0.40219.1
Project("{9A19103F-16F7-4668-BE54-9A1E7A4F7556}") = "WpfFrmDobbelsteen", "WpfFrmDobbelsteen\WpfFrmDobbelsteen.csproj", "{9121EE68-0255-4765-B0A4-4D5B7247D843}"
EndProject
Project("{9A19103F-16F7-4668-BE54-9A1E7A4F7556}") = "WpfCalculateCircle", "WpfCalculateCircle\WpfCalculateCircle.csproj", "{4FCF8153-4DFB-4DA6-B448-92094D414288}"
EndProject
Project("{9A19103F-16F7-4668-BE54-9A1E7A4F7556}") = "WpfFrmWerknemer", "WpfFrmWerknemer\WpfFrmWerknemer.csproj", "{C61CCCE8-FB1F-4A94-8E82-81545FE843B9}"
EndProject
Project("{FAE04EC0-301F-11D3-BF4B-00C04F79EFBC}") = "Breyne_Ward_WPF_Ev_Deel1", "Breyne_Ward_WPF_Ev_Deel1\Breyne_Ward_WPF_Ev_Deel1.csproj", "{1875913A-7245-4E05-9820-8809CC5D420C}"
EndProject
Project("{FAE04EC0-301F-11D3-BF4B-00C04F79EFBC}") = "InterfaceDemo", "InterfaceDemo\InterfaceDemo.csproj", "{072602F5-7768-4C69-BB6B-96251FDDE07A}"
EndProject
Global
	GlobalSection(SolutionConfigurationPlatforms) = preSolution
		Debug|Any CPU = Debug|Any CPU
		Release|Any CPU = Release|Any CPU
	EndGlobalSection
	GlobalSection(ProjectConfigurationPlatforms) = postSolution
		{9121EE68-0255-4765-B0A4-4D5B7247D843}.Debug|Any CPU.ActiveCfg = Debug|Any CPU
		{9121EE68-0255-4765-B0A4-4D5B7247D843}.Debug|Any CPU.Build.0 = Debug|Any CPU
		{9121EE68-0255-4765-B0A4-4D5B7247D843}.Release|Any CPU.ActiveCfg = Release|Any CPU
		{9121EE68-0255-4765-B0A4-4D5B7247D843}.Release|Any CPU.Build.0 = Release|Any CPU
		{4FCF8153-4DFB-4DA6-B448-92094D414288}.Debug|Any CPU.ActiveCfg = Debug|Any CPU
		{4FCF8153-4DFB-4DA6-B448-92094D414288}.Debug|Any CPU.Build.0 = Debug|Any CPU
		{4FCF8153-4DFB-4DA6-B448-92094D414288}.Release|Any CPU.ActiveCfg = Release|Any CPU
		{4FCF8153-4DFB-4DA6-B448-92094D414288}.Release|Any CPU.Build.0 = Release|Any CPU
		{C61CCCE8-FB1F-4A94-8E82-81545FE843B9}.Debug|Any CPU.ActiveCfg = Debug|Any CPU
		{C61CCCE8-FB1F-4A94-8E82-81545FE843B9}.Debug|Any CPU.Build.0 = Debug|Any CPU
		{C61CCCE8-FB1F-4A94-8E82-81545FE843B9}.Release|Any CPU.ActiveCfg = Release|Any CPU
		{C61CCCE8-FB1F-4A94-8E82-81545FE843B9}.Release|Any CPU.Build.0 = Release|Any CPU
		{1875913A-7245-4E05-9820-8809CC5D420C}.Debug|Any CPU.ActiveCfg = Debug|Any CPU
		{1875913A-7245-4E05-9820-8809CC5D420C}.Debug|Any CPU.Build.0 = Debug|Any CPU
		{1875913A-7245-4E05-9820-8809CC5D420C}.Release|Any CPU.ActiveCfg = Release|Any CPU
		{1875913A-7245-4E05-9820-8809CC5D420C}.Release|Any CPU.Build.0 = Release|Any CPU
		{072602F5-7768-4C69-BB6B-96251FDDE07A}.Debug|Any CPU.ActiveCfg = Debug|Any CPU
		{072602F5-7768-4C69-BB6B-96251FDDE07A}.Debug|Any CPU.Build.0 = Debug|Any CPU
		{072602F5-7768-4C69-BB6B-96251FDDE07A}.Release|Any CPU.ActiveCfg = Release|Any CPU
		{072602F5-7768-4C69-BB6B-96251FDDE07A}.Release|Any CPU.Build.0 = Release|Any CPU
	EndGlobalSection
	GlobalSection(SolutionProperties) = preSolution
		HideSolutionNode = FALSE
	EndGlobalSection
	GlobalSection(ExtensibilityGlobals) = postSolution
		SolutionGuid = {A4A56BB8-2D1B-4472-A7C3-63AB1A8511BE}
	EndGlobalSection
EndGlobal
